# Generated by conda-lock.
# platform: linux-64
# input_hash: 5ddb699fe69866889a9b0c4efbdbe356268a4dfdee2f4716b0370e811287c097
@EXPLICIT
https://conda.anaconda.org/conda-forge/linux-64/_libgcc_mutex-0.1-conda_forge.tar.bz2#d7c89558ba9fa0495403155b64376d81
https://conda.anaconda.org/conda-forge/linux-64/ca-certificates-2022.6.15-ha878542_0.tar.bz2#c320890f77fd1d617fa876e0982002c2
https://conda.anaconda.org/conda-forge/linux-64/ld_impl_linux-64-2.36.1-hea4e1c9_2.tar.bz2#bd4f2e711b39af170e7ff15163fe87ee
https://conda.anaconda.org/conda-forge/linux-64/libgfortran5-12.1.0-hdcd56e2_16.tar.bz2#b02605b875559ff99f04351fd5040760
https://conda.anaconda.org/conda-forge/linux-64/libstdcxx-ng-12.1.0-ha89aaad_16.tar.bz2#6f5ba041a41eb102a1027d9e68731be7
https://conda.anaconda.org/conda-forge/noarch/tzdata-2022c-h191b570_0.tar.bz2#a56386ad31a7322940dd7d03fb3a9979
https://conda.anaconda.org/conda-forge/linux-64/libgfortran-ng-12.1.0-h69a702a_16.tar.bz2#6bf15e29a20f614b18ae89368260d0a2
https://conda.anaconda.org/conda-forge/linux-64/_openmp_mutex-4.5-2_kmp_llvm.tar.bz2#562b26ba2e19059551a811e72ab7f793
https://conda.anaconda.org/conda-forge/linux-64/libgcc-ng-12.1.0-h8d9b700_16.tar.bz2#4f05bc9844f7c101e6e147dab3c88d5c
https://conda.anaconda.org/conda-forge/linux-64/bzip2-1.0.8-h7f98852_4.tar.bz2#a1fd65c7ccbf10880423d82bca54eb54
https://conda.anaconda.org/conda-forge/linux-64/c-ares-1.18.1-h7f98852_0.tar.bz2#f26ef8098fab1f719c91eb760d63381a
https://conda.anaconda.org/conda-forge/linux-64/cudatoolkit-11.7.0-hd8887f6_10.tar.bz2#fa317a2c53e40808fbeeeb2800519616
https://conda.anaconda.org/conda-forge/linux-64/giflib-5.2.1-h36c2ea0_2.tar.bz2#626e68ae9cc5912d6adb79d318cf962d
https://conda.anaconda.org/conda-forge/linux-64/icu-70.1-h27087fc_0.tar.bz2#87473a15119779e021c314249d4b4aed
https://conda.anaconda.org/conda-forge/linux-64/jpeg-9e-h166bdaf_2.tar.bz2#ee8b844357a0946870901c7c6f418268
https://conda.anaconda.org/conda-forge/linux-64/keyutils-1.6.1-h166bdaf_0.tar.bz2#30186d27e2c9fa62b45fb1476b7200e3
https://conda.anaconda.org/conda-forge/linux-64/lerc-4.0.0-h27087fc_0.tar.bz2#76bbff344f0134279f225174e9064c8f
https://conda.anaconda.org/conda-forge/linux-64/libabseil-20211102.0-cxx17_h48a1fff_3.tar.bz2#ee0ec55c780d6bffda9432c3037eb10c
https://conda.anaconda.org/conda-forge/linux-64/libcrc32c-1.1.2-h9c3ff4c_0.tar.bz2#c965a5aa0d5c1c37ffc62dff36e28400
https://conda.anaconda.org/conda-forge/linux-64/libdeflate-1.13-h166bdaf_0.tar.bz2#4b5bee2e957570197327d0b20a718891
https://conda.anaconda.org/conda-forge/linux-64/libev-4.33-h516909a_1.tar.bz2#6f8720dff19e17ce5d48cfe7f3d2f0a3
https://conda.anaconda.org/conda-forge/linux-64/libffi-3.4.2-h7f98852_5.tar.bz2#d645c6d2ac96843a2bfaccd2d62b3ac3
https://conda.anaconda.org/conda-forge/linux-64/libnsl-2.0.0-h7f98852_0.tar.bz2#39b1328babf85c7c3a61636d9cd50206
https://conda.anaconda.org/conda-forge/linux-64/libopenblas-0.3.21-pthreads_h78a6416_3.tar.bz2#8c5963a49b6035c40646a763293fbb35
https://conda.anaconda.org/conda-forge/linux-64/libuuid-2.32.1-h7f98852_1000.tar.bz2#772d69f030955d9646d3d0eaf21d859d
https://conda.anaconda.org/conda-forge/linux-64/libwebp-base-1.2.4-h166bdaf_0.tar.bz2#ac2ccf7323d21f2994e4d1f5da664f37
https://conda.anaconda.org/conda-forge/linux-64/libzlib-1.2.12-h166bdaf_2.tar.bz2#8302381297332ea50532cf2c67961080
https://conda.anaconda.org/conda-forge/linux-64/ncurses-6.3-h27087fc_1.tar.bz2#4acfc691e64342b9dae57cf2adc63238
https://conda.anaconda.org/conda-forge/linux-64/ninja-1.11.0-h924138e_0.tar.bz2#18c563c26253a21c1aa9d662e874b0cd
https://conda.anaconda.org/conda-forge/linux-64/openssl-1.1.1q-h166bdaf_0.tar.bz2#07acc367c7fc8b716770cd5b36d31717
https://conda.anaconda.org/conda-forge/linux-64/pthread-stubs-0.4-h36c2ea0_1001.tar.bz2#22dad4df6e8630e8dff2428f6f6a7036
https://conda.anaconda.org/conda-forge/linux-64/re2-2022.06.01-h27087fc_0.tar.bz2#23a0de2e0f5ee6d12adfef82771ed49c
https://conda.anaconda.org/conda-forge/linux-64/sleef-3.5.1-h9b69904_2.tar.bz2#6e016cf4c525d04a7bd038cee53ad3fd
https://conda.anaconda.org/conda-forge/linux-64/snappy-1.1.9-hbd366e4_1.tar.bz2#418adb239781d9690afc6b1a05514c37
https://conda.anaconda.org/conda-forge/linux-64/tbb-2021.5.0-h924138e_2.tar.bz2#e8220da90a56e361dcf759424917af34
https://conda.anaconda.org/conda-forge/linux-64/xorg-libxau-1.0.9-h7f98852_0.tar.bz2#bf6f803a544f26ebbdc3bfff272eb179
https://conda.anaconda.org/conda-forge/linux-64/xorg-libxdmcp-1.1.3-h7f98852_0.tar.bz2#be93aabceefa2fac576e971aef407908
https://conda.anaconda.org/conda-forge/linux-64/xz-5.2.6-h166bdaf_0.tar.bz2#2161070d867d1b1204ea749c8eec4ef0
https://conda.anaconda.org/conda-forge/linux-64/yaml-0.2.5-h7f98852_2.tar.bz2#4cb3ad778ec2d5a7acbdf254eb1c42ae
https://conda.anaconda.org/conda-forge/linux-64/abseil-cpp-20211102.0-h93e1e8c_3.tar.bz2#91323cc15123b8b796049c731fec58ba
https://conda.anaconda.org/conda-forge/linux-64/cudnn-8.4.1.50-hed8a83a_0.tar.bz2#47c8bc742d9127726750edd47ec9cbd9
https://conda.anaconda.org/conda-forge/linux-64/hdf4-4.2.15-h9772cbc_4.tar.bz2#dd3e1941dd06f64cb88647d2f7ff8aaa
https://conda.anaconda.org/conda-forge/linux-64/libblas-3.9.0-16_linux64_openblas.tar.bz2#d9b7a8639171f6c6fa0a983edabcfe2b
https://conda.anaconda.org/conda-forge/linux-64/libedit-3.1.20191231-he28a2e2_2.tar.bz2#4d331e44109e3f0e19b4cb8f9b82f3e1
https://conda.anaconda.org/conda-forge/linux-64/libnghttp2-1.47.0-hdcd2b5c_1.tar.bz2#6fe9e31c2b8d0b022626ccac13e6ca3c
https://conda.anaconda.org/conda-forge/linux-64/libpng-1.6.37-h753d276_4.tar.bz2#6b611734b73d639c084ac4be2fcd996a
https://conda.anaconda.org/conda-forge/linux-64/libprotobuf-3.20.1-h6239696_4.tar.bz2#b085539ca2b54a188848bcfcb970005d
https://conda.anaconda.org/conda-forge/linux-64/libsqlite-3.39.3-h753d276_0.tar.bz2#ccb2457c73609f2622b8a4b3e42e5d8b
https://conda.anaconda.org/conda-forge/linux-64/libssh2-1.10.0-haa6b8db_3.tar.bz2#89acee135f0809a18a1f4537390aa2dd
https://conda.anaconda.org/conda-forge/linux-64/libxcb-1.13-h7f98852_1004.tar.bz2#b3653fdc58d03face9724f602218a904
https://conda.anaconda.org/conda-forge/linux-64/libzip-1.9.2-hc869a4a_1.tar.bz2#7a268cf1386d271e576e35ae82149ef2
https://conda.anaconda.org/conda-forge/linux-64/llvm-openmp-14.0.4-he0ac6c6_0.tar.bz2#cecc6e3cb66570ffcfb820c637890f54
https://conda.anaconda.org/conda-forge/linux-64/nccl-2.14.3.1-h0800d71_0.tar.bz2#b5c3e448257fd55b4824bd45ee66ba42
https://conda.anaconda.org/conda-forge/linux-64/readline-8.1.2-h0f457ee_0.tar.bz2#db2ebbe2943aae81ed051a6a9af8e0fa
https://conda.anaconda.org/conda-forge/linux-64/tk-8.6.12-h27826a3_0.tar.bz2#5b8c42eb62e9fc961af70bdd6a26e168
https://conda.anaconda.org/conda-forge/linux-64/zlib-1.2.12-h166bdaf_2.tar.bz2#4533821485cde83ab12ff3d8bda83768
https://conda.anaconda.org/conda-forge/linux-64/zstd-1.5.2-h6239696_4.tar.bz2#adcf0be7897e73e312bd24353b613f74
https://conda.anaconda.org/conda-forge/linux-64/freetype-2.12.1-hca18f0e_0.tar.bz2#4e54cbfc47b8c74c2ecc1e7730d8edce
https://conda.anaconda.org/conda-forge/linux-64/grpc-cpp-1.46.4-h6fc47f4_3.tar.bz2#afb040c82475e443f93edf0303bf26b5
https://conda.anaconda.org/conda-forge/linux-64/krb5-1.19.3-h3790be6_0.tar.bz2#7d862b05445123144bec92cb1acc8ef8
https://conda.anaconda.org/conda-forge/linux-64/libcblas-3.9.0-16_linux64_openblas.tar.bz2#20bae26d0a1db73f758fc3754cab4719
https://conda.anaconda.org/conda-forge/linux-64/liblapack-3.9.0-16_linux64_openblas.tar.bz2#955d993f41f9354bf753d29864ea20ad
https://conda.anaconda.org/conda-forge/linux-64/libtiff-4.4.0-h0e0dad5_3.tar.bz2#5627d42c13a9b117ae1701c6e195624f
https://conda.anaconda.org/conda-forge/linux-64/mkl-2022.1.0-h84fe81f_915.tar.bz2#b9c8f925797a93dbff45e1626b025a6b
https://conda.anaconda.org/conda-forge/linux-64/python-3.10.6-h582c2e5_0_cpython.tar.bz2#6f009f92084e84884d1dff862b85eb00
https://conda.anaconda.org/conda-forge/linux-64/sqlite-3.39.3-h4ff8645_0.tar.bz2#f03cf4ec974e32b6c5d349f62637e36e
https://conda.anaconda.org/conda-forge/noarch/absl-py-1.2.0-pyhd8ed1ab_0.tar.bz2#7b8c25e84d601467e082da75d3105f1d
https://conda.anaconda.org/conda-forge/noarch/attrs-22.1.0-pyh71513ae_1.tar.bz2#6d3ccbc56256204925bfa8378722792f
https://conda.anaconda.org/conda-forge/noarch/blinker-1.4-py_1.tar.bz2#fa509a09190583f869ae442bf4d17f5f
https://conda.anaconda.org/conda-forge/noarch/cached_property-1.5.2-pyha770c72_1.tar.bz2#576d629e47797577ab0f1b351297ef4a
https://conda.anaconda.org/conda-forge/noarch/cachetools-5.2.0-pyhd8ed1ab_0.tar.bz2#c6653a1ed0c4a48ace64ab68a0bf9b27
https://conda.anaconda.org/conda-forge/noarch/certifi-2022.6.15-pyhd8ed1ab_1.tar.bz2#97349c8d67627cbf8f48d7e7e1773ea5
https://conda.anaconda.org/conda-forge/noarch/charset-normalizer-2.1.1-pyhd8ed1ab_0.tar.bz2#c1d5b294fbf9a795dec349a6f4d8be8e
https://conda.anaconda.org/conda-forge/noarch/colorama-0.4.5-pyhd8ed1ab_0.tar.bz2#c267da48ce208905d7d976d49dfd9433
https://conda.anaconda.org/conda-forge/noarch/decorator-5.1.1-pyhd8ed1ab_0.tar.bz2#43afe5ab04e35e17ba28649471dd7364
https://conda.anaconda.org/conda-forge/noarch/dill-0.3.5.1-pyhd8ed1ab_0.tar.bz2#d713e993cf5e84bfe522ca1520b095b3
https://conda.anaconda.org/conda-forge/noarch/etils-0.7.1-pyhd8ed1ab_0.tar.bz2#fd235dd3051c1b683d8a97fe00019fb3
https://conda.anaconda.org/conda-forge/noarch/fsspec-2022.8.2-pyhd8ed1ab_0.tar.bz2#140dc6615896e7d4be1059a63370be93
https://conda.anaconda.org/conda-forge/noarch/gast-0.4.0-pyh9f0ad1d_0.tar.bz2#42323c77b73462199fca93bc8ac9279d
https://conda.anaconda.org/conda-forge/noarch/idna-3.3-pyhd8ed1ab_0.tar.bz2#40b50b8b030f5f2f22085c062ed013dd
https://conda.anaconda.org/conda-forge/noarch/iniconfig-1.1.1-pyh9f0ad1d_0.tar.bz2#39161f81cc5e5ca45b8226fbb06c6905
https://conda.anaconda.org/conda-forge/noarch/jmespath-1.0.1-pyhd8ed1ab_0.tar.bz2#2cfa3e1cf3fb51bb9b17acc5b5e9ea11
https://conda.anaconda.org/conda-forge/noarch/keras-2.9.0-pyhd8ed1ab_0.tar.bz2#0754ff8d732b62dd952c5038f4a671e9
https://conda.anaconda.org/conda-forge/linux-64/lcms2-2.12-hddcbb42_0.tar.bz2#797117394a4aa588de6d741b06fad80f
https://conda.anaconda.org/conda-forge/linux-64/libcurl-7.83.1-h7bff187_0.tar.bz2#d0c278476dba3b29ee13203784672ab1
https://conda.anaconda.org/conda-forge/linux-64/magma-2.5.4-h6103c52_2.tar.bz2#07bbfd7ed19cc5a66b1bd0bc9a7ebda3
https://conda.anaconda.org/conda-forge/linux-64/openjpeg-2.5.0-h7d73246_1.tar.bz2#a11b4df9271a8d7917686725aa04c8f2
https://conda.anaconda.org/conda-forge/noarch/py-1.11.0-pyh6c4a22f_0.tar.bz2#b4613d7e7a493916d867842a6a148054
https://conda.anaconda.org/conda-forge/noarch/pyasn1-0.4.8-py_0.tar.bz2#06d04c9f8f72ac77911db942eda24fb9
https://conda.anaconda.org/conda-forge/noarch/pycparser-2.21-pyhd8ed1ab_0.tar.bz2#076becd9e05608f8dc72757d5f3a91ff
https://conda.anaconda.org/conda-forge/noarch/pyjwt-2.4.0-pyhd8ed1ab_0.tar.bz2#9620c5c6170db8f9570777bfb6244088
https://conda.anaconda.org/conda-forge/noarch/pyparsing-3.0.9-pyhd8ed1ab_0.tar.bz2#e8fbc1b54b25f4b08281467bc13b70cc
https://conda.anaconda.org/conda-forge/noarch/pysocks-1.7.1-pyha2e5f31_6.tar.bz2#2a7de29fb590ca14b5243c4c812c8025
https://conda.anaconda.org/conda-forge/noarch/python-flatbuffers-1.12-pyhd8ed1ab_1.tar.bz2#4ddd8b8f7ba0c0fc50de3776b37fecce
https://conda.anaconda.org/conda-forge/linux-64/python_abi-3.10-2_cp310.tar.bz2#9e7160cd0d865e98f6803f1fe15c8b61
https://conda.anaconda.org/conda-forge/noarch/setuptools-65.3.0-pyhd8ed1ab_1.tar.bz2#a64c8af7be7a6348c1d9e530f88fa4da
https://conda.anaconda.org/conda-forge/noarch/six-1.16.0-pyh6c4a22f_0.tar.bz2#e5f25f8dbc060e9a8d912e432202afc2
https://conda.anaconda.org/conda-forge/noarch/tensorboard-plugin-wit-1.8.1-pyhd8ed1ab_0.tar.bz2#0adae6ededf20046d74a3f9343269efd
https://conda.anaconda.org/conda-forge/noarch/termcolor-1.1.0-pyhd8ed1ab_3.tar.bz2#2a28d2137388d7c6a903f29319f262bc
https://conda.anaconda.org/conda-forge/noarch/toml-0.10.2-pyhd8ed1ab_0.tar.bz2#f832c45a477c78bebd107098db465095
https://conda.anaconda.org/conda-forge/noarch/tomli-2.0.1-pyhd8ed1ab_0.tar.bz2#5844808ffab9ebdb694585b50ba02a96
https://conda.anaconda.org/conda-forge/noarch/typing_extensions-4.3.0-pyha770c72_0.tar.bz2#a9d85960bc62d53cc4ea0d1d27f73c98
https://conda.anaconda.org/conda-forge/noarch/wheel-0.37.1-pyhd8ed1ab_0.tar.bz2#1ca02aaf78d9c70d9a81a3bed5752022
https://conda.anaconda.org/conda-forge/noarch/zipp-3.8.1-pyhd8ed1ab_0.tar.bz2#a3508a0c850745b875de88aea4c40cc5
https://conda.anaconda.org/conda-forge/noarch/aioitertools-0.10.0-pyhd8ed1ab_0.tar.bz2#d4bf18928b186606eb4f7d413d18ffc0
https://conda.anaconda.org/conda-forge/noarch/astunparse-1.6.3-pyhd8ed1ab_0.tar.bz2#000b6f68a0bfaba800ced7500c11780f
https://conda.anaconda.org/conda-forge/noarch/cached-property-1.5.2-hd8ed1ab_1.tar.bz2#9b347a7ec10940d3f7941ff6c460b551
https://conda.anaconda.org/conda-forge/linux-64/cffi-1.15.1-py310h255011f_0.tar.bz2#3e4b55b02998782f8ca9ceaaa4f5ada9
https://conda.anaconda.org/conda-forge/linux-64/click-8.1.3-py310hff52083_0.tar.bz2#a09e14173c5ded52ef7917b249c9280e
https://conda.anaconda.org/conda-forge/linux-64/curl-7.83.1-h7bff187_0.tar.bz2#ba33b9995f5e691e4f439422d6efafc7
https://conda.anaconda.org/conda-forge/linux-64/frozenlist-1.3.1-py310h5764c6d_0.tar.bz2#d702623b009971a845d33030f7b97efe
https://conda.anaconda.org/conda-forge/noarch/google-pasta-0.2.0-pyh8c360ce_0.tar.bz2#26e27d7d3d7fe2336b543dd8e0f12cbf
https://conda.anaconda.org/conda-forge/linux-64/grpcio-1.46.4-py310he36eabb_3.tar.bz2#bafea3fdec09fdd1f8c6f8707c6919c0
https://conda.anaconda.org/conda-forge/linux-64/hdf5-1.12.2-nompi_h2386368_100.tar.bz2#b014a5f912e0193783e48086b7bb3995
https://conda.anaconda.org/conda-forge/linux-64/importlib-metadata-4.11.4-py310hff52083_0.tar.bz2#8ea386e64531f1ecf4a5765181579e7e
https://conda.anaconda.org/conda-forge/noarch/importlib_resources-5.9.0-pyhd8ed1ab_0.tar.bz2#393a52ae5450ac981a0b67c8175d61fa
https://conda.anaconda.org/conda-forge/noarch/isodate-0.6.1-pyhd8ed1ab_0.tar.bz2#4a62c93c1b5c0b920508ae3fd285eaf5
https://conda.anaconda.org/conda-forge/linux-64/markupsafe-2.1.1-py310h5764c6d_1.tar.bz2#ec5a727504409ad1380fc2a84f83d002
https://conda.anaconda.org/conda-forge/linux-64/multidict-6.0.2-py310h5764c6d_1.tar.bz2#3dc4436d49fd2eff029b849dc2aab834
https://conda.anaconda.org/conda-forge/linux-64/numpy-1.23.2-py310h53a5b5f_0.tar.bz2#8b3cfad14508018915e88612f5a963cd
https://conda.anaconda.org/conda-forge/noarch/packaging-21.3-pyhd8ed1ab_0.tar.bz2#71f1ab2de48613876becddd496371c85
https://conda.anaconda.org/conda-forge/linux-64/pillow-9.2.0-py310hbd86126_2.tar.bz2#443272de4234f6df4a78f50105edc741
https://conda.anaconda.org/conda-forge/noarch/pip-22.2.2-pyhd8ed1ab_0.tar.bz2#0b43abe4d3ee93e82742d37def53a836
https://conda.anaconda.org/conda-forge/linux-64/pluggy-1.0.0-py310hff52083_3.tar.bz2#97f9a22577338f91a94dfac5c1a65a50
https://conda.anaconda.org/conda-forge/linux-64/portalocker-2.5.1-py310hff52083_0.tar.bz2#44f6d9cf56d6d36b14e8098ea6c5cfa3
https://conda.anaconda.org/conda-forge/linux-64/promise-2.3-py310hff52083_6.tar.bz2#5caa8c2181a28607406fac6a3afc803b
https://conda.anaconda.org/conda-forge/linux-64/protobuf-3.20.1-py310hd8f1fbe_0.tar.bz2#296ffd88c1111b9784140662c913c492
https://conda.anaconda.org/conda-forge/noarch/pyasn1-modules-0.2.7-py_0.tar.bz2#ad1e886d09700b2304975335f714bd9c
https://conda.anaconda.org/conda-forge/noarch/python-dateutil-2.8.2-pyhd8ed1ab_0.tar.bz2#dd999d1cc9f79e67dbb855c8924c7984
https://conda.anaconda.org/conda-forge/noarch/pyu2f-0.1.5-pyhd8ed1ab_0.tar.bz2#caabbeaa83928d0c3e3949261daa18eb
https://conda.anaconda.org/conda-forge/linux-64/pyyaml-6.0-py310h5764c6d_4.tar.bz2#505dcf6be997e732d7a33831950dc3cf
https://conda.anaconda.org/conda-forge/noarch/rsa-4.9-pyhd8ed1ab_0.tar.bz2#03bf410858b2cefc267316408a77c436
https://conda.anaconda.org/conda-forge/linux-64/tensorboard-data-server-0.6.0-py310h597c629_2.tar.bz2#938cdc8ba4e3e6001360f2800219115e
https://conda.anaconda.org/conda-forge/noarch/tqdm-4.64.1-pyhd8ed1ab_0.tar.bz2#5526ff3f88f9db87bb0924b9ce575345
https://conda.anaconda.org/conda-forge/noarch/typing-extensions-4.3.0-hd8ed1ab_0.tar.bz2#f3e98e944832fb271a0dbda7b7771dc6
https://conda.anaconda.org/conda-forge/linux-64/wrapt-1.14.1-py310h5764c6d_0.tar.bz2#9169ba1c107919c705e7850565032fb9
https://conda.anaconda.org/conda-forge/noarch/aiosignal-1.2.0-pyhd8ed1ab_0.tar.bz2#68c9a0ab410c72abd24cbaac57703519
https://conda.anaconda.org/conda-forge/noarch/async-timeout-4.0.2-pyhd8ed1ab_0.tar.bz2#25e79f9a1133556671becbd65a170c78
https://conda.anaconda.org/conda-forge/linux-64/brotlipy-0.7.0-py310h5764c6d_1004.tar.bz2#6499bb11b7feffb63b26847fc9181319
https://conda.anaconda.org/conda-forge/linux-64/cftime-1.6.1-py310hde88566_0.tar.bz2#1f84cf065287d73aa0233d432d3a1ba9
https://conda.anaconda.org/conda-forge/linux-64/cryptography-37.0.4-py310h597c629_0.tar.bz2#f285746449d16d92884f4ce0cfe26679
https://conda.anaconda.org/conda-forge/linux-64/google-crc32c-1.1.2-py310he8fe98e_3.tar.bz2#be7b372293e7d6b73399999c679d6c95
https://conda.anaconda.org/conda-forge/linux-64/googleapis-common-protos-1.56.4-py310hff52083_0.tar.bz2#383941cfba9b08cabf793a6077cb90af
https://conda.anaconda.org/conda-forge/linux-64/h5py-3.7.0-nompi_py310h416281c_101.tar.bz2#780a7b4310857404bb9df10f2aa2aa5b
https://conda.anaconda.org/conda-forge/linux-64/libnetcdf-4.8.1-nompi_h21705cb_104.tar.bz2#4426b64bac9de35499554d45b93de880
https://conda.anaconda.org/conda-forge/noarch/markdown-3.4.1-pyhd8ed1ab_0.tar.bz2#50d5bcf9693d8c1e7db6b1150b5c4ee5
https://conda.anaconda.org/conda-forge/noarch/opt_einsum-3.3.0-pyhd8ed1ab_1.tar.bz2#ba523f5bdd2e452e43c73b7e4b928799
https://conda.anaconda.org/conda-forge/linux-64/pytest-7.1.3-py310hff52083_0.tar.bz2#18ef27d620d67af2feef22acfd42cf4a
https://conda.anaconda.org/conda-forge/linux-64/pytorch-1.12.1-cuda112py310h51fe464_200.tar.bz2#975173260ebb3ad3b18cbb266fa28245
https://conda.anaconda.org/conda-forge/linux-64/scipy-1.9.1-py310hdfbd76f_0.tar.bz2#bfb55d07ad9d15d2f2f8e59afcbcf578
https://conda.anaconda.org/conda-forge/noarch/werkzeug-2.2.2-pyhd8ed1ab_0.tar.bz2#8e69568592e552919201f730b01a58c2
https://conda.anaconda.org/conda-forge/linux-64/yarl-1.7.2-py310h5764c6d_2.tar.bz2#e33ec823abf1a9fe98d077e1c3ba17d7
https://conda.anaconda.org/conda-forge/linux-64/aiohttp-3.8.1-py310h5764c6d_1.tar.bz2#4326fa6bcb1f3c500108fe68c3600db7
https://conda.anaconda.org/conda-forge/noarch/google-resumable-media-2.3.3-pyhd8ed1ab_0.tar.bz2#6a110581a8267aad65145c2fe3bc7d7c
https://conda.anaconda.org/conda-forge/noarch/h5netcdf-1.0.2-pyhd8ed1ab_0.tar.bz2#f9150af3ad4fbc1c0673b4d98f9a2824
https://conda.anaconda.org/conda-forge/linux-64/jaxlib-0.3.15-cuda112py310h3b68594_201.tar.bz2#1c06e372dca08a65973c931c5ffb08e3
https://conda.anaconda.org/conda-forge/noarch/keras-preprocessing-1.1.2-pyhd8ed1ab_0.tar.bz2#a79b00989a0d89791021902f37fe2f9e
https://conda.anaconda.org/conda-forge/linux-64/netcdf4-1.6.0-nompi_py310h55e1e36_102.tar.bz2#588d5bd8f16287b766c509ef173b892d
https://conda.anaconda.org/conda-forge/noarch/oauthlib-3.2.0-pyhd8ed1ab_0.tar.bz2#ecc95c82c788737d6d33f5d564566d89
https://conda.anaconda.org/conda-forge/noarch/pyopenssl-22.0.0-pyhd8ed1ab_0.tar.bz2#1d7e241dfaf5475e893d4b824bb71b44
https://conda.anaconda.org/conda-forge/noarch/tensorflow-metadata-1.10.0-pyhd8ed1ab_0.tar.bz2#1fad5b08eabee5abeb3b84577c6ebf26
https://conda.anaconda.org/conda-forge/noarch/jax-0.3.17-pyhd8ed1ab_0.tar.bz2#522765565c1e31a0a6665315b65c35b6
https://conda.anaconda.org/conda-forge/noarch/urllib3-1.26.11-pyhd8ed1ab_0.tar.bz2#0738978569b10669bdef41c671252dd1
https://conda.anaconda.org/conda-forge/noarch/botocore-1.27.59-pyhd8ed1ab_0.tar.bz2#3faabd8720a81a91566e6c01bf7bbacb
https://conda.anaconda.org/conda-forge/noarch/requests-2.28.1-pyhd8ed1ab_1.tar.bz2#089382ee0e2dc2eae33a04cc3c2bddb0
https://conda.anaconda.org/conda-forge/noarch/adal-1.2.7-pyhd8ed1ab_0.tar.bz2#1a0f134d22bad81e93f1e130b35afb35
https://conda.anaconda.org/conda-forge/noarch/aiobotocore-2.4.0-pyhd8ed1ab_0.tar.bz2#9adcdcd7539afff88018c18b650dee50
https://conda.anaconda.org/conda-forge/noarch/azure-core-1.25.1-pyhd8ed1ab_0.tar.bz2#0e35009f2b6318dc81768d712df50c3c
https://conda.anaconda.org/conda-forge/noarch/google-auth-2.11.0-pyh6c4a22f_0.tar.bz2#5e11123fb6558cf608ad713948e9de8d
https://conda.anaconda.org/conda-forge/noarch/msal-1.18.0-pyhd8ed1ab_0.tar.bz2#d24f225d97d2a47352600ba2185263d1
https://conda.anaconda.org/conda-forge/noarch/requests-oauthlib-1.3.1-pyhd8ed1ab_0.tar.bz2#61b279f051eef9c89d58f4d813e75e04
https://conda.anaconda.org/conda-forge/linux-64/torchvision-0.13.0-cuda112py310h453157a_0.tar.bz2#cf7b410cbc53c51529b469329897b363
https://conda.anaconda.org/conda-forge/noarch/azure-datalake-store-0.0.51-pyh9f0ad1d_0.tar.bz2#0a6d240a3a8198dce8508a5409b4737e
https://conda.anaconda.org/conda-forge/noarch/google-api-core-2.10.0-pyhd8ed1ab_0.tar.bz2#16ade3f7411f7394d8b65f138524724e
https://conda.anaconda.org/conda-forge/noarch/google-auth-oauthlib-0.4.6-pyhd8ed1ab_0.tar.bz2#430db61bdfa0b37903ef73d84bcea2c9
https://conda.anaconda.org/conda-forge/noarch/msal_extensions-1.0.0-pyhd8ed1ab_0.tar.bz2#db0e3cc6e5e99baf237a2ab73898f553
https://conda.anaconda.org/conda-forge/noarch/msrest-0.7.1-pyhd8ed1ab_0.tar.bz2#a1733821b05a030e805e9a47e48df636
https://conda.anaconda.org/conda-forge/noarch/s3fs-2022.8.2-pyhd8ed1ab_0.tar.bz2#6b2985bc632aa85aa7977028d7974e81
https://conda.anaconda.org/conda-forge/noarch/azure-identity-1.10.0-pyhd8ed1ab_0.tar.bz2#5bad79b1d1a838aa1038a33d6fcfe25a
https://conda.anaconda.org/conda-forge/noarch/azure-storage-blob-12.13.1-pyhd8ed1ab_0.tar.bz2#c811df5183c2963c6db64add35a7619c
https://conda.anaconda.org/conda-forge/noarch/google-cloud-core-2.3.2-pyhd8ed1ab_0.tar.bz2#7a590deea6b9b082c6a24e18c3c83dc9
https://conda.anaconda.org/conda-forge/noarch/tensorboard-2.9.0-pyhd8ed1ab_0.tar.bz2#ca95c993dd030c52fc9bacb8675633d8
https://conda.anaconda.org/conda-forge/noarch/adlfs-2022.9.1-pyhd8ed1ab_0.tar.bz2#8cfc5fffa5e1c66423b3067ef6264abb
https://conda.anaconda.org/conda-forge/noarch/google-cloud-storage-2.5.0-pyh6c4a22f_0.tar.bz2#cd6cb0e91447cd908315cfdafad84a0e
https://conda.anaconda.org/conda-forge/linux-64/tensorflow-base-2.9.1-cuda112py310hc65a3b4_0.tar.bz2#88a414d35a1203be7daa8a6d04af640d
https://conda.anaconda.org/conda-forge/noarch/gcsfs-2022.8.2-pyhd8ed1ab_0.tar.bz2#32fb81d96b85cce9497e5a13b599b4f6
https://conda.anaconda.org/conda-forge/linux-64/tensorflow-estimator-2.9.1-cuda112py310h2fa73eb_0.tar.bz2#d8cc921880c11eb4cdd797ef4d0472ad
https://conda.anaconda.org/conda-forge/linux-64/tensorflow-2.9.1-cuda112py310he87a039_0.tar.bz2#61e15957e947379d2c9a26301819e775
https://conda.anaconda.org/conda-forge/noarch/tensorflow-datasets-4.6.0-pyhd8ed1ab_0.tar.bz2#57419a3114d8eb899201ce9bc516e16c
https://conda.anaconda.org/conda-forge/noarch/keras-cv-0.3.1-pyhd8ed1ab_0.tar.bz2#f825cab14f5715c39436d5b62c1001be
